
Microsoft Visual Studio Solution File, Format Version 12.00
# Visual Studio 15
VisualStudioVersion = 15.0.28307.779
MinimumVisualStudioVersion = 10.0.40219.1
Project("{FAE04EC0-301F-11D3-BF4B-00C04F79EFBC}") = "kenaflow.demoplugin.v2", "kenaflow.demoplugin.v2.csproj", "{4E117372-B315-46BE-9889-34F1ED68C4BA}"
EndProject
Global
	GlobalSection(SolutionConfigurationPlatforms) = preSolution
		Debug|x64 = Debug|x64
		Release|x64 = Release|x64
	EndGlobalSection
	GlobalSection(ProjectConfigurationPlatforms) = postSolution
		{4E117372-B315-46BE-9889-34F1ED68C4BA}.Debug|x64.ActiveCfg = Debug|x64
		{4E117372-B315-46BE-9889-34F1ED68C4BA}.Debug|x64.Build.0 = Debug|x64
		{4E117372-B315-46BE-9889-34F1ED68C4BA}.Release|x64.ActiveCfg = Release|x64
		{4E117372-B315-46BE-9889-34F1ED68C4BA}.Release|x64.Build.0 = Release|x64
	EndGlobalSection
	GlobalSection(SolutionProperties) = preSolution
		HideSolutionNode = FALSE
	EndGlobalSection
	GlobalSection(ExtensibilityGlobals) = postSolution
		SolutionGuid = {F717F99D-91FC-4964-A6C3-14542DFF344F}
	EndGlobalSection
EndGlobal
